
Microsoft Visual Studio Solution File, Format Version 12.00
# Visual Studio Version 17
VisualStudioVersion = 17.3.32825.248
MinimumVisualStudioVersion = 10.0.40219.1
Project("{9A19103F-16F7-4668-BE54-9A1E7A4F7556}") = "WorkerDB", "CSharp Task 5\WorkerDB.csproj", "{015FB254-00E4-4015-A1EB-6F6264405668}"
EndProject
Global
	GlobalSection(SolutionConfigurationPlatforms) = preSolution
		Debug|Any CPU = Debug|Any CPU
		Release|Any CPU = Release|Any CPU
	EndGlobalSection
	GlobalSection(ProjectConfigurationPlatforms) = postSolution
		{015FB254-00E4-4015-A1EB-6F6264405668}.Debug|Any CPU.ActiveCfg = Debug|Any CPU
		{015FB254-00E4-4015-A1EB-6F6264405668}.Debug|Any CPU.Build.0 = Debug|Any CPU
		{015FB254-00E4-4015-A1EB-6F6264405668}.Release|Any CPU.ActiveCfg = Release|Any CPU
		{015FB254-00E4-4015-A1EB-6F6264405668}.Release|Any CPU.Build.0 = Release|Any CPU
	EndGlobalSection
	GlobalSection(SolutionProperties) = preSolution
		HideSolutionNode = FALSE
	EndGlobalSection
	GlobalSection(ExtensibilityGlobals) = postSolution
		SolutionGuid = {4EF89944-9EFA-45D7-9300-ABEFD583AEE5}
	EndGlobalSection
EndGlobal
